
Microsoft Visual Studio Solution File, Format Version 12.00
# Visual Studio 15
VisualStudioVersion = 15.0.28307.271
MinimumVisualStudioVersion = 10.0.40219.1
Project("{FAE04EC0-301F-11D3-BF4B-00C04F79EFBC}") = "BackendAPI", "BackendAPI\BackendAPI.csproj", "{7B4D2934-6373-4E20-A8D2-F95ED748D111}"
EndProject
Global
	GlobalSection(SolutionConfigurationPlatforms) = preSolution
		Debug|Any CPU = Debug|Any CPU
		Release|Any CPU = Release|Any CPU
	EndGlobalSection
	GlobalSection(ProjectConfigurationPlatforms) = postSolution
		{7B4D2934-6373-4E20-A8D2-F95ED748D111}.Debug|Any CPU.ActiveCfg = Debug|Any CPU
		{7B4D2934-6373-4E20-A8D2-F95ED748D111}.Debug|Any CPU.Build.0 = Debug|Any CPU
		{7B4D2934-6373-4E20-A8D2-F95ED748D111}.Release|Any CPU.ActiveCfg = Release|Any CPU
		{7B4D2934-6373-4E20-A8D2-F95ED748D111}.Release|Any CPU.Build.0 = Release|Any CPU
	EndGlobalSection
	GlobalSection(SolutionProperties) = preSolution
		HideSolutionNode = FALSE
	EndGlobalSection
	GlobalSection(ExtensibilityGlobals) = postSolution
		SolutionGuid = {41E75B49-36C3-4230-B12E-784C6396E400}
	EndGlobalSection
EndGlobal
