
Microsoft Visual Studio Solution File, Format Version 12.00
# Visual Studio 15
VisualStudioVersion = 15.0.28307.329
MinimumVisualStudioVersion = 10.0.40219.1
Project("{FAE04EC0-301F-11D3-BF4B-00C04F79EFBC}") = "NARFO_BE", "NARFO_BE\NARFO_BE.csproj", "{C12FE8B0-2C76-43C3-849D-FF83E3A7D405}"
EndProject
Global
	GlobalSection(SolutionConfigurationPlatforms) = preSolution
		Debug|Any CPU = Debug|Any CPU
		Release|Any CPU = Release|Any CPU
	EndGlobalSection
	GlobalSection(ProjectConfigurationPlatforms) = postSolution
		{C12FE8B0-2C76-43C3-849D-FF83E3A7D405}.Debug|Any CPU.ActiveCfg = Debug|Any CPU
		{C12FE8B0-2C76-43C3-849D-FF83E3A7D405}.Debug|Any CPU.Build.0 = Debug|Any CPU
		{C12FE8B0-2C76-43C3-849D-FF83E3A7D405}.Release|Any CPU.ActiveCfg = Release|Any CPU
		{C12FE8B0-2C76-43C3-849D-FF83E3A7D405}.Release|Any CPU.Build.0 = Release|Any CPU
	EndGlobalSection
	GlobalSection(SolutionProperties) = preSolution
		HideSolutionNode = FALSE
	EndGlobalSection
	GlobalSection(ExtensibilityGlobals) = postSolution
		SolutionGuid = {B04AB91C-F1FB-4110-9DDD-E45BE6312404}
	EndGlobalSection
EndGlobal
